
Microsoft Visual Studio Solution File, Format Version 12.00
# Visual Studio 15
VisualStudioVersion = 15.0.27703.2047
MinimumVisualStudioVersion = 10.0.40219.1
Project("{9A19103F-16F7-4668-BE54-9A1E7A4F7556}") = "Task01_UrlDecode", "Task01_UrlDecode\Task01_UrlDecode.csproj", "{8D970554-1A3B-468A-8F5A-AB5A7684B2FA}"
EndProject
Project("{9A19103F-16F7-4668-BE54-9A1E7A4F7556}") = "Task02_ValidateUrl", "Task02_ValidateUrl\Task02_ValidateUrl.csproj", "{C9F7EB14-33D4-4B96-8049-0B5B69DE584A}"
EndProject
Project("{FAE04EC0-301F-11D3-BF4B-00C04F79EFBC}") = "Task03_RequestParser", "Task03_RequestParser\Task03_RequestParser.csproj", "{4C8A44B0-F60C-4671-A92A-30E89E365116}"
EndProject
Global
	GlobalSection(SolutionConfigurationPlatforms) = preSolution
		Debug|Any CPU = Debug|Any CPU
		Release|Any CPU = Release|Any CPU
	EndGlobalSection
	GlobalSection(ProjectConfigurationPlatforms) = postSolution
		{8D970554-1A3B-468A-8F5A-AB5A7684B2FA}.Debug|Any CPU.ActiveCfg = Debug|Any CPU
		{8D970554-1A3B-468A-8F5A-AB5A7684B2FA}.Debug|Any CPU.Build.0 = Debug|Any CPU
		{8D970554-1A3B-468A-8F5A-AB5A7684B2FA}.Release|Any CPU.ActiveCfg = Release|Any CPU
		{8D970554-1A3B-468A-8F5A-AB5A7684B2FA}.Release|Any CPU.Build.0 = Release|Any CPU
		{C9F7EB14-33D4-4B96-8049-0B5B69DE584A}.Debug|Any CPU.ActiveCfg = Debug|Any CPU
		{C9F7EB14-33D4-4B96-8049-0B5B69DE584A}.Debug|Any CPU.Build.0 = Debug|Any CPU
		{C9F7EB14-33D4-4B96-8049-0B5B69DE584A}.Release|Any CPU.ActiveCfg = Release|Any CPU
		{C9F7EB14-33D4-4B96-8049-0B5B69DE584A}.Release|Any CPU.Build.0 = Release|Any CPU
		{4C8A44B0-F60C-4671-A92A-30E89E365116}.Debug|Any CPU.ActiveCfg = Debug|Any CPU
		{4C8A44B0-F60C-4671-A92A-30E89E365116}.Debug|Any CPU.Build.0 = Debug|Any CPU
		{4C8A44B0-F60C-4671-A92A-30E89E365116}.Release|Any CPU.ActiveCfg = Release|Any CPU
		{4C8A44B0-F60C-4671-A92A-30E89E365116}.Release|Any CPU.Build.0 = Release|Any CPU
	EndGlobalSection
	GlobalSection(SolutionProperties) = preSolution
		HideSolutionNode = FALSE
	EndGlobalSection
	GlobalSection(ExtensibilityGlobals) = postSolution
		SolutionGuid = {A35385E4-3BE4-4212-98F1-A870146F037E}
	EndGlobalSection
EndGlobal
