
Microsoft Visual Studio Solution File, Format Version 12.00
# Visual Studio 15
VisualStudioVersion = 15.0.27703.2047
MinimumVisualStudioVersion = 10.0.40219.1
Project("{9A19103F-16F7-4668-BE54-9A1E7A4F7556}") = "Task01_EvenNumbersThread", "Task01_EvenNumbersThread\Task01_EvenNumbersThread.csproj", "{C19F8242-8394-49AD-85D1-801A1FE12B29}"
EndProject
Project("{9A19103F-16F7-4668-BE54-9A1E7A4F7556}") = "Task02_SliceFile", "Task02_SliceFile\Task02_SliceFile.csproj", "{B947669F-6FAF-4E76-AFC9-8B486420BFE1}"
EndProject
Project("{FAE04EC0-301F-11D3-BF4B-00C04F79EFBC}") = "Task03_SimpleWebServer", "Task03_SimpleWebServer\Task03_SimpleWebServer.csproj", "{D6AE8462-75AC-44A3-AE25-7AB70DB2DC50}"
EndProject
Global
	GlobalSection(SolutionConfigurationPlatforms) = preSolution
		Debug|Any CPU = Debug|Any CPU
		Release|Any CPU = Release|Any CPU
	EndGlobalSection
	GlobalSection(ProjectConfigurationPlatforms) = postSolution
		{C19F8242-8394-49AD-85D1-801A1FE12B29}.Debug|Any CPU.ActiveCfg = Debug|Any CPU
		{C19F8242-8394-49AD-85D1-801A1FE12B29}.Debug|Any CPU.Build.0 = Debug|Any CPU
		{C19F8242-8394-49AD-85D1-801A1FE12B29}.Release|Any CPU.ActiveCfg = Release|Any CPU
		{C19F8242-8394-49AD-85D1-801A1FE12B29}.Release|Any CPU.Build.0 = Release|Any CPU
		{B947669F-6FAF-4E76-AFC9-8B486420BFE1}.Debug|Any CPU.ActiveCfg = Debug|Any CPU
		{B947669F-6FAF-4E76-AFC9-8B486420BFE1}.Debug|Any CPU.Build.0 = Debug|Any CPU
		{B947669F-6FAF-4E76-AFC9-8B486420BFE1}.Release|Any CPU.ActiveCfg = Release|Any CPU
		{B947669F-6FAF-4E76-AFC9-8B486420BFE1}.Release|Any CPU.Build.0 = Release|Any CPU
		{D6AE8462-75AC-44A3-AE25-7AB70DB2DC50}.Debug|Any CPU.ActiveCfg = Debug|Any CPU
		{D6AE8462-75AC-44A3-AE25-7AB70DB2DC50}.Debug|Any CPU.Build.0 = Debug|Any CPU
		{D6AE8462-75AC-44A3-AE25-7AB70DB2DC50}.Release|Any CPU.ActiveCfg = Release|Any CPU
		{D6AE8462-75AC-44A3-AE25-7AB70DB2DC50}.Release|Any CPU.Build.0 = Release|Any CPU
	EndGlobalSection
	GlobalSection(SolutionProperties) = preSolution
		HideSolutionNode = FALSE
	EndGlobalSection
	GlobalSection(ExtensibilityGlobals) = postSolution
		SolutionGuid = {4DE59A7E-681B-40DE-892A-1A8950539CE5}
	EndGlobalSection
EndGlobal
